
Microsoft Visual Studio Solution File, Format Version 12.00
# Visual Studio Version 17
VisualStudioVersion = 17.11.35327.3
MinimumVisualStudioVersion = 10.0.40219.1
Project("{FAE04EC0-301F-11D3-BF4B-00C04F79EFBC}") = "GuessTheNumber", "GuessTheNumber\GuessTheNumber.csproj", "{F2E1FBF6-4562-4B21-B467-5B748A9A71C3}"
EndProject
Project("{FAE04EC0-301F-11D3-BF4B-00C04F79EFBC}") = "MultiplayerQuizGame", "MazeSolver\MultiplayerQuizGame.csproj", "{3BE0F34D-C47A-41C6-AB9C-3A1BEAACD013}"
EndProject
Project("{FAE04EC0-301F-11D3-BF4B-00C04F79EFBC}") = "QuestionGame", "QuestionGame\QuestionGame.csproj", "{2A3C1BE6-3679-4AF1-873C-DD024D274DEC}"
EndProject
Project("{FAE04EC0-301F-11D3-BF4B-00C04F79EFBC}") = "ArrayManipulationReal", "ArrayManipulationReal\ArrayManipulationReal.csproj", "{8927D4F8-C1F6-4A05-94F0-A347B6CB821F}"
EndProject
Project("{FAE04EC0-301F-11D3-BF4B-00C04F79EFBC}") = "ArrayOfMultiples", "ArrayOfMultiples\ArrayOfMultiples.csproj", "{74E44E87-12E1-4FAA-A9FD-F671DEB6DBD0}"
EndProject
Project("{FAE04EC0-301F-11D3-BF4B-00C04F79EFBC}") = "ReverseTheCase", "ReverseTheCase\ReverseTheCase.csproj", "{F7F0D180-1768-4D2F-85D2-861750A088B1}"
EndProject
Project("{FAE04EC0-301F-11D3-BF4B-00C04F79EFBC}") = "ReverseAndNot", "ReverseAndNot\ReverseAndNot.csproj", "{339FD133-52F0-47D8-BF66-467E1C6FB475}"
EndProject
Global
	GlobalSection(SolutionConfigurationPlatforms) = preSolution
		Debug|Any CPU = Debug|Any CPU
		Release|Any CPU = Release|Any CPU
	EndGlobalSection
	GlobalSection(ProjectConfigurationPlatforms) = postSolution
		{F2E1FBF6-4562-4B21-B467-5B748A9A71C3}.Debug|Any CPU.ActiveCfg = Debug|Any CPU
		{F2E1FBF6-4562-4B21-B467-5B748A9A71C3}.Debug|Any CPU.Build.0 = Debug|Any CPU
		{F2E1FBF6-4562-4B21-B467-5B748A9A71C3}.Release|Any CPU.ActiveCfg = Release|Any CPU
		{F2E1FBF6-4562-4B21-B467-5B748A9A71C3}.Release|Any CPU.Build.0 = Release|Any CPU
		{3BE0F34D-C47A-41C6-AB9C-3A1BEAACD013}.Debug|Any CPU.ActiveCfg = Debug|Any CPU
		{3BE0F34D-C47A-41C6-AB9C-3A1BEAACD013}.Debug|Any CPU.Build.0 = Debug|Any CPU
		{3BE0F34D-C47A-41C6-AB9C-3A1BEAACD013}.Release|Any CPU.ActiveCfg = Release|Any CPU
		{3BE0F34D-C47A-41C6-AB9C-3A1BEAACD013}.Release|Any CPU.Build.0 = Release|Any CPU
		{2A3C1BE6-3679-4AF1-873C-DD024D274DEC}.Debug|Any CPU.ActiveCfg = Debug|Any CPU
		{2A3C1BE6-3679-4AF1-873C-DD024D274DEC}.Debug|Any CPU.Build.0 = Debug|Any CPU
		{2A3C1BE6-3679-4AF1-873C-DD024D274DEC}.Release|Any CPU.ActiveCfg = Release|Any CPU
		{2A3C1BE6-3679-4AF1-873C-DD024D274DEC}.Release|Any CPU.Build.0 = Release|Any CPU
		{8927D4F8-C1F6-4A05-94F0-A347B6CB821F}.Debug|Any CPU.ActiveCfg = Debug|Any CPU
		{8927D4F8-C1F6-4A05-94F0-A347B6CB821F}.Debug|Any CPU.Build.0 = Debug|Any CPU
		{8927D4F8-C1F6-4A05-94F0-A347B6CB821F}.Release|Any CPU.ActiveCfg = Release|Any CPU
		{8927D4F8-C1F6-4A05-94F0-A347B6CB821F}.Release|Any CPU.Build.0 = Release|Any CPU
		{74E44E87-12E1-4FAA-A9FD-F671DEB6DBD0}.Debug|Any CPU.ActiveCfg = Debug|Any CPU
		{74E44E87-12E1-4FAA-A9FD-F671DEB6DBD0}.Debug|Any CPU.Build.0 = Debug|Any CPU
		{74E44E87-12E1-4FAA-A9FD-F671DEB6DBD0}.Release|Any CPU.ActiveCfg = Release|Any CPU
		{74E44E87-12E1-4FAA-A9FD-F671DEB6DBD0}.Release|Any CPU.Build.0 = Release|Any CPU
		{F7F0D180-1768-4D2F-85D2-861750A088B1}.Debug|Any CPU.ActiveCfg = Debug|Any CPU
		{F7F0D180-1768-4D2F-85D2-861750A088B1}.Debug|Any CPU.Build.0 = Debug|Any CPU
		{F7F0D180-1768-4D2F-85D2-861750A088B1}.Release|Any CPU.ActiveCfg = Release|Any CPU
		{F7F0D180-1768-4D2F-85D2-861750A088B1}.Release|Any CPU.Build.0 = Release|Any CPU
		{339FD133-52F0-47D8-BF66-467E1C6FB475}.Debug|Any CPU.ActiveCfg = Debug|Any CPU
		{339FD133-52F0-47D8-BF66-467E1C6FB475}.Debug|Any CPU.Build.0 = Debug|Any CPU
		{339FD133-52F0-47D8-BF66-467E1C6FB475}.Release|Any CPU.ActiveCfg = Release|Any CPU
		{339FD133-52F0-47D8-BF66-467E1C6FB475}.Release|Any CPU.Build.0 = Release|Any CPU
	EndGlobalSection
	GlobalSection(SolutionProperties) = preSolution
		HideSolutionNode = FALSE
	EndGlobalSection
	GlobalSection(ExtensibilityGlobals) = postSolution
		SolutionGuid = {E349A296-AD84-4478-8FB4-17575597849D}
	EndGlobalSection
EndGlobal
